{
  "name": "generations-of-computer",
  "version": "1.0.0",
  "lockfileVersion": 1,
  "requires": true,
  "dependencies": {
    "three": {
      "version": "0.108.0",
      "resolved": "https://registry.npmjs.org/three/-/three-0.108.0.tgz",
      "integrity": "sha512-d1ysIXwi8qTlbmMwrTxi5pYiiYIflEr0e48krP0LAY8ndS8c6fkLHn6NvRT+o76/Fs9PBLxFViuI62iGVWwwlg=="
    },
    "three-bas": {
      "version": "2.10.1",
      "resolved": "https://registry.npmjs.org/three-bas/-/three-bas-2.10.1.tgz",
      "integrity": "sha512-9d9ThFPWfaGKsCz9cDPc40BEA4OZBWwcNDbzoWaNOLzMvsW58Iu5m9bLS85rlMPwkYbNiwDGZ+ok+8LpSSMnHA==",
      "requires": {
        "three": "*"
      }
    }
  }
}
